
Microsoft Visual Studio Solution File, Format Version 12.00
# Visual Studio Version 16
VisualStudioVersion = 16.0.29306.81
MinimumVisualStudioVersion = 10.0.40219.1
Project("{8BC9CEB8-8B4A-11D0-8D11-00A0C91BC942}") = "LearnOpenGL", "LearnOpenGL\LearnOpenGL.vcxproj", "{61D6B40E-6785-4808-801A-2518CDB60A65}"
EndProject
Global
	GlobalSection(SolutionConfigurationPlatforms) = preSolution
		Debug|x64 = Debug|x64
		Debug|x86 = Debug|x86
		Release|x64 = Release|x64
		Release|x86 = Release|x86
	EndGlobalSection
	GlobalSection(ProjectConfigurationPlatforms) = postSolution
		{61D6B40E-6785-4808-801A-2518CDB60A65}.Debug|x64.ActiveCfg = Debug|x64
		{61D6B40E-6785-4808-801A-2518CDB60A65}.Debug|x64.Build.0 = Debug|x64
		{61D6B40E-6785-4808-801A-2518CDB60A65}.Debug|x86.ActiveCfg = Debug|Win32
		{61D6B40E-6785-4808-801A-2518CDB60A65}.Debug|x86.Build.0 = Debug|Win32
		{61D6B40E-6785-4808-801A-2518CDB60A65}.Release|x64.ActiveCfg = Release|x64
		{61D6B40E-6785-4808-801A-2518CDB60A65}.Release|x64.Build.0 = Release|x64
		{61D6B40E-6785-4808-801A-2518CDB60A65}.Release|x86.ActiveCfg = Release|Win32
		{61D6B40E-6785-4808-801A-2518CDB60A65}.Release|x86.Build.0 = Release|Win32
	EndGlobalSection
	GlobalSection(SolutionProperties) = preSolution
		HideSolutionNode = FALSE
	EndGlobalSection
	GlobalSection(ExtensibilityGlobals) = postSolution
		SolutionGuid = {7AC33C58-0439-4C5F-B801-7A20F0E81D1F}
	EndGlobalSection
EndGlobal
