<?xml version="1.0" encoding="utf-8"?>
<Project ToolsVersion="4.0" xmlns="http://schemas.microsoft.com/developer/msbuild/2003">
  <ItemGroup>
    <Filter Include="Source Files">
      <UniqueIdentifier>{4FC737F1-C7A5-4376-A066-2A32D752A2FF}</UniqueIdentifier>
      <Extensions>cpp;c;cc;cxx;def;odl;idl;hpj;bat;asm;asmx</Extensions>
    </Filter>
    <Filter Include="Header Files">
      <UniqueIdentifier>{93995380-89BD-4b04-88EB-625FBE52EBFB}</UniqueIdentifier>
      <Extensions>h;hh;hpp;hxx;hm;inl;inc;ipp;xsd</Extensions>
    </Filter>
    <Filter Include="Resource Files">
      <UniqueIdentifier>{67DA6AB6-F800-4c08-8B7A-83BB121AAD01}</UniqueIdentifier>
      <Extensions>rc;ico;cur;bmp;dlg;rc2;rct;bin;rgs;gif;jpg;jpeg;jpe;resx;tiff;tif;png;wav;mfcribbon-ms</Extensions>
    </Filter>
    <Filter Include="Shaders">
      <UniqueIdentifier>{0d357d97-be51-4c01-90bf-528234a1fe00}</UniqueIdentifier>
    </Filter>
  </ItemGroup>
  <ItemGroup>
    <ClCompile Include="glad.c">
      <Filter>Source Files</Filter>
    </ClCompile>
    <ClCompile Include="Source.cpp">
      <Filter>Source Files</Filter>
    </ClCompile>
    <ClCompile Include="stb_image.cpp">
      <Filter>Source Files</Filter>
    </ClCompile>
  </ItemGroup>
  <ItemGroup>
    <None Include="ssao_lighting.fs">
      <Filter>Shaders</Filter>
    </None>
    <None Include="asteroids.fs">
      <Filter>Shaders</Filter>
    </None>
    <None Include="asteroids.vs">
      <Filter>Shaders</Filter>
    </None>
    <None Include="cubemaps.fs">
      <Filter>Shaders</Filter>
    </None>
    <None Include="cubemaps.vs">
      <Filter>Shaders</Filter>
    </None>
    <None Include="hdr.fs">
      <Filter>Shaders</Filter>
    </None>
    <None Include="hdr.vs">
      <Filter>Shaders</Filter>
    </None>
    <None Include="lamp.fs">
      <Filter>Shaders</Filter>
    </None>
    <None Include="lamp.vs">
      <Filter>Shaders</Filter>
    </None>
    <None Include="lighting.fs">
      <Filter>Shaders</Filter>
    </None>
    <None Include="lighting.vs">
      <Filter>Shaders</Filter>
    </None>
    <None Include="model_shader.fs">
      <Filter>Shaders</Filter>
    </None>
    <None Include="model_shader.vs">
      <Filter>Shaders</Filter>
    </None>
    <None Include="planet.fs">
      <Filter>Shaders</Filter>
    </None>
    <None Include="planet.vs">
      <Filter>Shaders</Filter>
    </None>
    <None Include="skybox.fs">
      <Filter>Shaders</Filter>
    </None>
    <None Include="skybox.vs">
      <Filter>Shaders</Filter>
    </None>
    <None Include="ssao.fs">
      <Filter>Shaders</Filter>
    </None>
    <None Include="ssao.vs">
      <Filter>Shaders</Filter>
    </None>
    <None Include="ssao_blur.fs">
      <Filter>Shaders</Filter>
    </None>
    <None Include="ssao_geometry.fs">
      <Filter>Shaders</Filter>
    </None>
    <None Include="ssao_geometry.vs">
      <Filter>Shaders</Filter>
    </None>
  </ItemGroup>
  <ItemGroup>
    <ClInclude Include="shader.h">
      <Filter>Header Files</Filter>
    </ClInclude>
    <ClInclude Include="camera.h">
      <Filter>Header Files</Filter>
    </ClInclude>
    <ClInclude Include="mesh.h">
      <Filter>Header Files</Filter>
    </ClInclude>
    <ClInclude Include="model.h">
      <Filter>Header Files</Filter>
    </ClInclude>
    <ClInclude Include="filesystem.h">
      <Filter>Header Files</Filter>
    </ClInclude>
  </ItemGroup>
</Project>